
Microsoft Visual Studio Solution File, Format Version 12.00
# Visual Studio Version 17
VisualStudioVersion = 17.10.34607.79
MinimumVisualStudioVersion = 10.0.40219.1
Project("{9A19103F-16F7-4668-BE54-9A1E7A4F7556}") = "Application", "src\Application\Application.csproj", "{4A7E5B32-5CE9-4204-AD46-12F87BC38567}"
EndProject
Project("{9A19103F-16F7-4668-BE54-9A1E7A4F7556}") = "Domain", "src\Domain\Domain.csproj", "{FED001AB-F732-43B4-BCF7-98FA585BCC44}"
EndProject
Project("{9A19103F-16F7-4668-BE54-9A1E7A4F7556}") = "Infrastructure.SQLite", "src\Infrastructure.SQLite\Infrastructure.SQLite.csproj", "{8C938622-4221-4FBF-9DB0-BF9B4763CD50}"
EndProject
Project("{9A19103F-16F7-4668-BE54-9A1E7A4F7556}") = "Presentation", "src\Presentation\Presentation.csproj", "{A2FF6303-D1B7-446D-895B-5C10A0402299}"
EndProject
Project("{FAE04EC0-301F-11D3-BF4B-00C04F79EFBC}") = "_build", "build\_build.csproj", "{FF813C4D-D55D-43B9-B353-8279B25FF127}"
EndProject
Project("{FAE04EC0-301F-11D3-BF4B-00C04F79EFBC}") = "Presentation.AspireTest.AppHost", "src\Presentation.AspireTest\Presentation.AspireTest.AppHost\Presentation.AspireTest.AppHost.csproj", "{0F0E1449-27FA-4C19-9C06-DF63EEAB23F1}"
EndProject
Project("{FAE04EC0-301F-11D3-BF4B-00C04F79EFBC}") = "Presentation.AspireTest.ServiceDefaults", "src\Presentation.AspireTest\Presentation.AspireTest.ServiceDefaults\Presentation.AspireTest.ServiceDefaults.csproj", "{EE0D4F7D-934A-445D-9D76-4D96F7F2F767}"
EndProject
Project("{FAE04EC0-301F-11D3-BF4B-00C04F79EFBC}") = "Infrastructure.SQLite.LocalStore", "src\Infrastructure.SQLite.LocalStore\Infrastructure.SQLite.LocalStore.csproj", "{637B841C-319E-4B0A-9E22-550DDB8A20ED}"
EndProject
Project("{FAE04EC0-301F-11D3-BF4B-00C04F79EFBC}") = "Infrastructure.Serilog", "src\Infrastructure.Serilog\Infrastructure.Serilog.csproj", "{AD464C41-955B-41D8-A380-889132154BC8}"
EndProject
Project("{FAE04EC0-301F-11D3-BF4B-00C04F79EFBC}") = "TestTCPMocker", "src\TestTCPMocker\TestTCPMocker.csproj", "{EDA909C3-6C38-4724-8248-BF164F39AEE2}"
EndProject
Project("{2150E333-8FDC-42A3-9474-1A3956D46DE8}") = "Solution Items", "Solution Items", "{CC01B39F-E689-4306-8790-33587381793F}"
	ProjectSection(SolutionItems) = preProject
		.editorconfig = .editorconfig
		.github\workflows\dependabot-auto-bump.yml = .github\workflows\dependabot-auto-bump.yml
		.github\workflows\dependabot-auto-merge.yml = .github\workflows\dependabot-auto-merge.yml
		installer_template.ps1 = installer_template.ps1
		installer_template.sh = installer_template.sh
		.github\workflows\nuke-cicd.yml = .github\workflows\nuke-cicd.yml
	EndProjectSection
EndProject
Global
	GlobalSection(SolutionConfigurationPlatforms) = preSolution
		Debug|Any CPU = Debug|Any CPU
		Release|Any CPU = Release|Any CPU
	EndGlobalSection
	GlobalSection(ProjectConfigurationPlatforms) = postSolution
		{4A7E5B32-5CE9-4204-AD46-12F87BC38567}.Debug|Any CPU.ActiveCfg = Debug|Any CPU
		{4A7E5B32-5CE9-4204-AD46-12F87BC38567}.Debug|Any CPU.Build.0 = Debug|Any CPU
		{4A7E5B32-5CE9-4204-AD46-12F87BC38567}.Release|Any CPU.ActiveCfg = Release|Any CPU
		{4A7E5B32-5CE9-4204-AD46-12F87BC38567}.Release|Any CPU.Build.0 = Release|Any CPU
		{FED001AB-F732-43B4-BCF7-98FA585BCC44}.Debug|Any CPU.ActiveCfg = Debug|Any CPU
		{FED001AB-F732-43B4-BCF7-98FA585BCC44}.Debug|Any CPU.Build.0 = Debug|Any CPU
		{FED001AB-F732-43B4-BCF7-98FA585BCC44}.Release|Any CPU.ActiveCfg = Release|Any CPU
		{FED001AB-F732-43B4-BCF7-98FA585BCC44}.Release|Any CPU.Build.0 = Release|Any CPU
		{8C938622-4221-4FBF-9DB0-BF9B4763CD50}.Debug|Any CPU.ActiveCfg = Debug|Any CPU
		{8C938622-4221-4FBF-9DB0-BF9B4763CD50}.Debug|Any CPU.Build.0 = Debug|Any CPU
		{8C938622-4221-4FBF-9DB0-BF9B4763CD50}.Release|Any CPU.ActiveCfg = Release|Any CPU
		{8C938622-4221-4FBF-9DB0-BF9B4763CD50}.Release|Any CPU.Build.0 = Release|Any CPU
		{A2FF6303-D1B7-446D-895B-5C10A0402299}.Debug|Any CPU.ActiveCfg = Debug|Any CPU
		{A2FF6303-D1B7-446D-895B-5C10A0402299}.Debug|Any CPU.Build.0 = Debug|Any CPU
		{A2FF6303-D1B7-446D-895B-5C10A0402299}.Release|Any CPU.ActiveCfg = Release|Any CPU
		{A2FF6303-D1B7-446D-895B-5C10A0402299}.Release|Any CPU.Build.0 = Release|Any CPU
		{FF813C4D-D55D-43B9-B353-8279B25FF127}.Debug|Any CPU.ActiveCfg = Debug|Any CPU
		{FF813C4D-D55D-43B9-B353-8279B25FF127}.Debug|Any CPU.Build.0 = Debug|Any CPU
		{FF813C4D-D55D-43B9-B353-8279B25FF127}.Release|Any CPU.ActiveCfg = Release|Any CPU
		{FF813C4D-D55D-43B9-B353-8279B25FF127}.Release|Any CPU.Build.0 = Release|Any CPU
		{0F0E1449-27FA-4C19-9C06-DF63EEAB23F1}.Debug|Any CPU.ActiveCfg = Debug|Any CPU
		{0F0E1449-27FA-4C19-9C06-DF63EEAB23F1}.Debug|Any CPU.Build.0 = Debug|Any CPU
		{0F0E1449-27FA-4C19-9C06-DF63EEAB23F1}.Release|Any CPU.ActiveCfg = Release|Any CPU
		{0F0E1449-27FA-4C19-9C06-DF63EEAB23F1}.Release|Any CPU.Build.0 = Release|Any CPU
		{EE0D4F7D-934A-445D-9D76-4D96F7F2F767}.Debug|Any CPU.ActiveCfg = Debug|Any CPU
		{EE0D4F7D-934A-445D-9D76-4D96F7F2F767}.Debug|Any CPU.Build.0 = Debug|Any CPU
		{EE0D4F7D-934A-445D-9D76-4D96F7F2F767}.Release|Any CPU.ActiveCfg = Release|Any CPU
		{EE0D4F7D-934A-445D-9D76-4D96F7F2F767}.Release|Any CPU.Build.0 = Release|Any CPU
		{637B841C-319E-4B0A-9E22-550DDB8A20ED}.Debug|Any CPU.ActiveCfg = Debug|Any CPU
		{637B841C-319E-4B0A-9E22-550DDB8A20ED}.Debug|Any CPU.Build.0 = Debug|Any CPU
		{637B841C-319E-4B0A-9E22-550DDB8A20ED}.Release|Any CPU.ActiveCfg = Release|Any CPU
		{637B841C-319E-4B0A-9E22-550DDB8A20ED}.Release|Any CPU.Build.0 = Release|Any CPU
		{AD464C41-955B-41D8-A380-889132154BC8}.Debug|Any CPU.ActiveCfg = Debug|Any CPU
		{AD464C41-955B-41D8-A380-889132154BC8}.Debug|Any CPU.Build.0 = Debug|Any CPU
		{AD464C41-955B-41D8-A380-889132154BC8}.Release|Any CPU.ActiveCfg = Release|Any CPU
		{AD464C41-955B-41D8-A380-889132154BC8}.Release|Any CPU.Build.0 = Release|Any CPU
		{EDA909C3-6C38-4724-8248-BF164F39AEE2}.Debug|Any CPU.ActiveCfg = Debug|Any CPU
		{EDA909C3-6C38-4724-8248-BF164F39AEE2}.Debug|Any CPU.Build.0 = Debug|Any CPU
		{EDA909C3-6C38-4724-8248-BF164F39AEE2}.Release|Any CPU.ActiveCfg = Release|Any CPU
		{EDA909C3-6C38-4724-8248-BF164F39AEE2}.Release|Any CPU.Build.0 = Release|Any CPU
	EndGlobalSection
	GlobalSection(SolutionProperties) = preSolution
		HideSolutionNode = FALSE
	EndGlobalSection
	GlobalSection(ExtensibilityGlobals) = postSolution
		SolutionGuid = {5BC0A256-828A-446F-800C-BED870AD452C}
	EndGlobalSection
EndGlobal
